{
  "requires": true,
  "lockfileVersion": 1,
  "dependencies": {
    "shopify-cartjs": {
      "version": "0.4.1",
      "resolved": "https://registry.npmjs.org/shopify-cartjs/-/shopify-cartjs-0.4.1.tgz",
      "integrity": "sha1-rNyUxjvZDuy+tihfe4eL8kLQZEY="
    },
    "yarn": {
      "version": "1.12.3",
      "resolved": "https://registry.npmjs.org/yarn/-/yarn-1.12.3.tgz",
      "integrity": "sha512-8f5rWNDvkhAmCxmn8C0LsNWMxTYVk4VGKiq0sIB6HGZjaZTHsGIH87SUmVDUEd2Wk54bqKoUlbVWgQFCQhRkVw=="
    }
  }
}
